
Microsoft Visual Studio Solution File, Format Version 12.00
# Visual Studio Version 17
VisualStudioVersion = 17.1.32421.90
MinimumVisualStudioVersion = 10.0.40219.1
Project("{FAE04EC0-301F-11D3-BF4B-00C04F79EFBC}") = "Program3", "Program3\Program3.csproj", "{16771FFB-6735-4F93-AF61-4EC2F8FA7168}"
EndProject
Global
	GlobalSection(SolutionConfigurationPlatforms) = preSolution
		Debug|Any CPU = Debug|Any CPU
		Release|Any CPU = Release|Any CPU
	EndGlobalSection
	GlobalSection(ProjectConfigurationPlatforms) = postSolution
		{16771FFB-6735-4F93-AF61-4EC2F8FA7168}.Debug|Any CPU.ActiveCfg = Debug|Any CPU
		{16771FFB-6735-4F93-AF61-4EC2F8FA7168}.Debug|Any CPU.Build.0 = Debug|Any CPU
		{16771FFB-6735-4F93-AF61-4EC2F8FA7168}.Release|Any CPU.ActiveCfg = Release|Any CPU
		{16771FFB-6735-4F93-AF61-4EC2F8FA7168}.Release|Any CPU.Build.0 = Release|Any CPU
	EndGlobalSection
	GlobalSection(SolutionProperties) = preSolution
		HideSolutionNode = FALSE
	EndGlobalSection
	GlobalSection(ExtensibilityGlobals) = postSolution
		SolutionGuid = {A20EE0D8-30F7-45FB-8364-AD402C6D1441}
	EndGlobalSection
EndGlobal
